// !$*UTF8*$!
{
	archiveVersion = 1;
	classes = {
	};
	objectVersion = 50;
	objects = {

/* Begin PBXBuildFile section */
		5319FC5326199994003CCEDC /* AppDelegate.swift in Sources */ = {isa = PBXBuildFile; fileRef = 5319FC5226199994003CCEDC /* AppDelegate.swift */; };
		5319FC5526199994003CCEDC /* SceneDelegate.swift in Sources */ = {isa = PBXBuildFile; fileRef = 5319FC5426199994003CCEDC /* SceneDelegate.swift */; };
		5319FC5726199994003CCEDC /* ViewController.swift in Sources */ = {isa = PBXBuildFile; fileRef = 5319FC5626199994003CCEDC /* ViewController.swift */; };
		5319FC5A26199994003CCEDC /* Main.storyboard in Resources */ = {isa = PBXBuildFile; fileRef = 5319FC5826199994003CCEDC /* Main.storyboard */; };
		5319FC5C26199995003CCEDC /* Assets.xcassets in Resources */ = {isa = PBXBuildFile; fileRef = 5319FC5B26199995003CCEDC /* Assets.xcassets */; };
		5319FC5F26199995003CCEDC /* LaunchScreen.storyboard in Resources */ = {isa = PBXBuildFile; fileRef = 5319FC5D26199995003CCEDC /* LaunchScreen.storyboard */; };
		5319FC6A26199995003CCEDC /* FirstKadaiAppTests.swift in Sources */ = {isa = PBXBuildFile; fileRef = 5319FC6926199995003CCEDC /* FirstKadaiAppTests.swift */; };
		5319FC7526199995003CCEDC /* FirstKadaiAppUITests.swift in Sources */ = {isa = PBXBuildFile; fileRef = 5319FC7426199995003CCEDC /* FirstKadaiAppUITests.swift */; };
/* End PBXBuildFile section */

/* Begin PBXContainerItemProxy section */
		5319FC6626199995003CCEDC /* PBXContainerItemProxy */ = {
			isa = PBXContainerItemProxy;
			containerPortal = 5319FC4726199994003CCEDC /* Project object */;
			proxyType = 1;
			remoteGlobalIDString = 5319FC4E26199994003CCEDC;
			remoteInfo = FirstKadaiApp;
		};
		5319FC7126199995003CCEDC /* PBXContainerItemProxy */ = {
			isa = PBXContainerItemProxy;
			containerPortal = 5319FC4726199994003CCEDC /* Project object */;
			proxyType = 1;
			remoteGlobalIDString = 5319FC4E26199994003CCEDC;
			remoteInfo = FirstKadaiApp;
		};
/* End PBXContainerItemProxy section */

/* Begin PBXFileReference section */
		5319FC4F26199994003CCEDC /* FirstKadaiApp.app */ = {isa = PBXFileReference; explicitFileType = wrapper.application; includeInIndex = 0; path = FirstKadaiApp.app; sourceTree = BUILT_PRODUCTS_DIR; };
		5319FC5226199994003CCEDC /* AppDelegate.swift */ = {isa = PBXFileReference; lastKnownFileType = sourcecode.swift; path = AppDelegate.swift; sourceTree = "<group>"; };
		5319FC5426199994003CCEDC /* SceneDelegate.swift */ = {isa = PBXFileReference; lastKnownFileType = sourcecode.swift; path = SceneDelegate.swift; sourceTree = "<group>"; };
		5319FC5626199994003CCEDC /* ViewController.swift */ = {isa = PBXFileReference; lastKnownFileType = sourcecode.swift; path = ViewController.swift; sourceTree = "<group>"; };
		5319FC5926199994003CCEDC /* Base */ = {isa = PBXFileReference; lastKnownFileType = file.storyboard; name = Base; path = Base.lproj/Main.storyboard; sourceTree = "<group>"; };
		5319FC5B26199995003CCEDC /* Assets.xcassets */ = {isa = PBXFileReference; lastKnownFileType = folder.assetcatalog; path = Assets.xcassets; sourceTree = "<group>"; };
		5319FC5E26199995003CCEDC /* Base */ = {isa = PBXFileReference; lastKnownFileType = file.storyboard; name = Base; path = Base.lproj/LaunchScreen.storyboard; sourceTree = "<group>"; };
		5319FC6026199995003CCEDC /* Info.plist */ = {isa = PBXFileReference; lastKnownFileType = text.plist.xml; path = Info.plist; sourceTree = "<group>"; };
		5319FC6526199995003CCEDC /* FirstKadaiAppTests.xctest */ = {isa = PBXFileReference; explicitFileType = wrapper.cfbundle; includeInIndex = 0; path = FirstKadaiAppTests.xctest; sourceTree = BUILT_PRODUCTS_DIR; };
		5319FC6926199995003CCEDC /* FirstKadaiAppTests.swift */ = {isa = PBXFileReference; lastKnownFileType = sourcecode.swift; path = FirstKadaiAppTests.swift; sourceTree = "<group>"; };
		5319FC6B26199995003CCEDC /* Info.plist */ = {isa = PBXFileReference; lastKnownFileType = text.plist.xml; path = Info.plist; sourceTree = "<group>"; };
		5319FC7026199995003CCEDC /* FirstKadaiAppUITests.xctest */ = {isa = PBXFileReference; explicitFileType = wrapper.cfbundle; includeInIndex = 0; path = FirstKadaiAppUITests.xctest; sourceTree = BUILT_PRODUCTS_DIR; };
		5319FC7426199995003CCEDC /* FirstKadaiAppUITests.swift */ = {isa = PBXFileReference; lastKnownFileType = sourcecode.swift; path = FirstKadaiAppUITests.swift; sourceTree = "<group>"; };
		5319FC7626199995003CCEDC /* Info.plist */ = {isa = PBXFileReference; lastKnownFileType = text.plist.xml; path = Info.plist; sourceTree = "<group>"; };
/* End PBXFileReference section */

/* Begin PBXFrameworksBuildPhase section */
		5319FC4C26199994003CCEDC /* Frameworks */ = {
			isa = PBXFrameworksBuildPhase;
			buildActionMask = 2147483647;
			files = (
			);
			runOnlyForDeploymentPostprocessing = 0;
		};
		5319FC6226199995003CCEDC /* Frameworks */ = {
			isa = PBXFrameworksBuildPhase;
			buildActionMask = 2147483647;
			files = (
			);
			runOnlyForDeploymentPostprocessing = 0;
		};
		5319FC6D26199995003CCEDC /* Frameworks */ = {
			isa = PBXFrameworksBuildPhase;
			buildActionMask = 2147483647;
			files = (
			);
			runOnlyForDeploymentPostprocessing = 0;
		};
/* End PBXFrameworksBuildPhase section */

/* Begin PBXGroup section */
		5319FC4626199994003CCEDC = {
			isa = PBXGroup;
			children = (
				5319FC5126199994003CCEDC /* FirstKadaiApp */,
				5319FC6826199995003CCEDC /* FirstKadaiAppTests */,
				5319FC7326199995003CCEDC /* FirstKadaiAppUITests */,
				5319FC5026199994003CCEDC /* Products */,
			);
			sourceTree = "<group>";
		};
		5319FC5026199994003CCEDC /* Products */ = {
			isa = PBXGroup;
			children = (
				5319FC4F26199994003CCEDC /* FirstKadaiApp.app */,
				5319FC6526199995003CCEDC /* FirstKadaiAppTests.xctest */,
				5319FC7026199995003CCEDC /* FirstKadaiAppUITests.xctest */,
			);
			name = Products;
			sourceTree = "<group>";
		};
		5319FC5126199994003CCEDC /* FirstKadaiApp */ = {
			isa = PBXGroup;
			children = (
				5319FC5226199994003CCEDC /* AppDelegate.swift */,
				5319FC5426199994003CCEDC /* SceneDelegate.swift */,
				5319FC5626199994003CCEDC /* ViewController.swift */,
				5319FC5826199994003CCEDC /* Main.storyboard */,
				5319FC5B26199995003CCEDC /* Assets.xcassets */,
				5319FC5D26199995003CCEDC /* LaunchScreen.storyboard */,
				5319FC6026199995003CCEDC /* Info.plist */,
			);
			path = FirstKadaiApp;
			sourceTree = "<group>";
		};
		5319FC6826199995003CCEDC /* FirstKadaiAppTests */ = {
			isa = PBXGroup;
			children = (
				5319FC6926199995003CCEDC /* FirstKadaiAppTests.swift */,
				5319FC6B26199995003CCEDC /* Info.plist */,
			);
			path = FirstKadaiAppTests;
			sourceTree = "<group>";
		};
		5319FC7326199995003CCEDC /* FirstKadaiAppUITests */ = {
			isa = PBXGroup;
			children = (
				5319FC7426199995003CCEDC /* FirstKadaiAppUITests.swift */,
				5319FC7626199995003CCEDC /* Info.plist */,
			);
			path = FirstKadaiAppUITests;
			sourceTree = "<group>";
		};
/* End PBXGroup section */

/* Begin PBXNativeTarget section */
		5319FC4E26199994003CCEDC /* FirstKadaiApp */ = {
			isa = PBXNativeTarget;
			buildConfigurationList = 5319FC7926199995003CCEDC /* Build configuration list for PBXNativeTarget "FirstKadaiApp" */;
			buildPhases = (
				5319FC4B26199994003CCEDC /* Sources */,
				5319FC4C26199994003CCEDC /* Frameworks */,
				5319FC4D26199994003CCEDC /* Resources */,
			);
			buildRules = (
			);
			dependencies = (
			);
			name = FirstKadaiApp;
			productName = FirstKadaiApp;
			productReference = 5319FC4F26199994003CCEDC /* FirstKadaiApp.app */;
			productType = "com.apple.product-type.application";
		};
		5319FC6426199995003CCEDC /* FirstKadaiAppTests */ = {
			isa = PBXNativeTarget;
			buildConfigurationList = 5319FC7C26199995003CCEDC /* Build configuration list for PBXNativeTarget "FirstKadaiAppTests" */;
			buildPhases = (
				5319FC6126199995003CCEDC /* Sources */,
				5319FC6226199995003CCEDC /* Frameworks */,
				5319FC6326199995003CCEDC /* Resources */,
			);
			buildRules = (
			);
			dependencies = (
				5319FC6726199995003CCEDC /* PBXTargetDependency */,
			);
			name = FirstKadaiAppTests;
			productName = FirstKadaiAppTests;
			productReference = 5319FC6526199995003CCEDC /* FirstKadaiAppTests.xctest */;
			productType = "com.apple.product-type.bundle.unit-test";
		};
		5319FC6F26199995003CCEDC /* FirstKadaiAppUITests */ = {
			isa = PBXNativeTarget;
			buildConfigurationList = 5319FC7F26199995003CCEDC /* Build configuration list for PBXNativeTarget "FirstKadaiAppUITests" */;
			buildPhases = (
				5319FC6C26199995003CCEDC /* Sources */,
				5319FC6D26199995003CCEDC /* Frameworks */,
				5319FC6E26199995003CCEDC /* Resources */,
			);
			buildRules = (
			);
			dependencies = (
				5319FC7226199995003CCEDC /* PBXTargetDependency */,
			);
			name = FirstKadaiAppUITests;
			productName = FirstKadaiAppUITests;
			productReference = 5319FC7026199995003CCEDC /* FirstKadaiAppUITests.xctest */;
			productType = "com.apple.product-type.bundle.ui-testing";
		};
/* End PBXNativeTarget section */

/* Begin PBXProject section */
		5319FC4726199994003CCEDC /* Project object */ = {
			isa = PBXProject;
			attributes = {
				LastSwiftUpdateCheck = 1220;
				LastUpgradeCheck = 1220;
				TargetAttributes = {
					5319FC4E26199994003CCEDC = {
						CreatedOnToolsVersion = 12.2;
					};
					5319FC6426199995003CCEDC = {
						CreatedOnToolsVersion = 12.2;
						TestTargetID = 5319FC4E26199994003CCEDC;
					};
					5319FC6F26199995003CCEDC = {
						CreatedOnToolsVersion = 12.2;
						TestTargetID = 5319FC4E26199994003CCEDC;
					};
				};
			};
			buildConfigurationList = 5319FC4A26199994003CCEDC /* Build configuration list for PBXProject "FirstKadaiApp" */;
			compatibilityVersion = "Xcode 9.3";
			developmentRegion = en;
			hasScannedForEncodings = 0;
			knownRegions = (
				en,
				Base,
			);
			mainGroup = 5319FC4626199994003CCEDC;
			productRefGroup = 5319FC5026199994003CCEDC /* Products */;
			projectDirPath = "";
			projectRoot = "";
			targets = (
				5319FC4E26199994003CCEDC /* FirstKadaiApp */,
				5319FC6426199995003CCEDC /* FirstKadaiAppTests */,
				5319FC6F26199995003CCEDC /* FirstKadaiAppUITests */,
			);
		};
/* End PBXProject section */

/* Begin PBXResourcesBuildPhase section */
		5319FC4D26199994003CCEDC /* Resources */ = {
			isa = PBXResourcesBuildPhase;
			buildActionMask = 2147483647;
			files = (
				5319FC5F26199995003CCEDC /* LaunchScreen.storyboard in Resources */,
				5319FC5C26199995003CCEDC /* Assets.xcassets in Resources */,
				5319FC5A26199994003CCEDC /* Main.storyboard in Resources */,
			);
			runOnlyForDeploymentPostprocessing = 0;
		};
		5319FC6326199995003CCEDC /* Resources */ = {
			isa = PBXResourcesBuildPhase;
			buildActionMask = 2147483647;
			files = (
			);
			runOnlyForDeploymentPostprocessing = 0;
		};
		5319FC6E26199995003CCEDC /* Resources */ = {
			isa = PBXResourcesBuildPhase;
			buildActionMask = 2147483647;
			files = (
			);
			runOnlyForDeploymentPostprocessing = 0;
		};
/* End PBXResourcesBuildPhase section */

/* Begin PBXSourcesBuildPhase section */
		5319FC4B26199994003CCEDC /* Sources */ = {
			isa = PBXSourcesBuildPhase;
			buildActionMask = 2147483647;
			files = (
				5319FC5726199994003CCEDC /* ViewController.swift in Sources */,
				5319FC5326199994003CCEDC /* AppDelegate.swift in Sources */,
				5319FC5526199994003CCEDC /* SceneDelegate.swift in Sources */,
			);
			runOnlyForDeploymentPostprocessing = 0;
		};
		5319FC6126199995003CCEDC /* Sources */ = {
			isa = PBXSourcesBuildPhase;
			buildActionMask = 2147483647;
			files = (
				5319FC6A26199995003CCEDC /* FirstKadaiAppTests.swift in Sources */,
			);
			runOnlyForDeploymentPostprocessing = 0;
		};
		5319FC6C26199995003CCEDC /* Sources */ = {
			isa = PBXSourcesBuildPhase;
			buildActionMask = 2147483647;
			files = (
				5319FC7526199995003CCEDC /* FirstKadaiAppUITests.swift in Sources */,
			);
			runOnlyForDeploymentPostprocessing = 0;
		};
/* End PBXSourcesBuildPhase section */

/* Begin PBXTargetDependency section */
		5319FC6726199995003CCEDC /* PBXTargetDependency */ = {
			isa = PBXTargetDependency;
			target = 5319FC4E26199994003CCEDC /* FirstKadaiApp */;
			targetProxy = 5319FC6626199995003CCEDC /* PBXContainerItemProxy */;
		};
		5319FC7226199995003CCEDC /* PBXTargetDependency */ = {
			isa = PBXTargetDependency;
			target = 5319FC4E26199994003CCEDC /* FirstKadaiApp */;
			targetProxy = 5319FC7126199995003CCEDC /* PBXContainerItemProxy */;
		};
/* End PBXTargetDependency section */

/* Begin PBXVariantGroup section */
		5319FC5826199994003CCEDC /* Main.storyboard */ = {
			isa = PBXVariantGroup;
			children = (
				5319FC5926199994003CCEDC /* Base */,
			);
			name = Main.storyboard;
			sourceTree = "<group>";
		};
		5319FC5D26199995003CCEDC /* LaunchScreen.storyboard */ = {
			isa = PBXVariantGroup;
			children = (
				5319FC5E26199995003CCEDC /* Base */,
			);
			name = LaunchScreen.storyboard;
			sourceTree = "<group>";
		};
/* End PBXVariantGroup section */

/* Begin XCBuildConfiguration section */
		5319FC7726199995003CCEDC /* Debug */ = {
			isa = XCBuildConfiguration;
			buildSettings = {
				ALWAYS_SEARCH_USER_PATHS = NO;
				CLANG_ANALYZER_NONNULL = YES;
				CLANG_ANALYZER_NUMBER_OBJECT_CONVERSION = YES_AGGRESSIVE;
				CLANG_CXX_LANGUAGE_STANDARD = "gnu++14";
				CLANG_CXX_LIBRARY = "libc++";
				CLANG_ENABLE_MODULES = YES;
				CLANG_ENABLE_OBJC_ARC = YES;
				CLANG_ENABLE_OBJC_WEAK = YES;
				CLANG_WARN_BLOCK_CAPTURE_AUTORELEASING = YES;
				CLANG_WARN_BOOL_CONVERSION = YES;
				CLANG_WARN_COMMA = YES;
				CLANG_WARN_CONSTANT_CONVERSION = YES;
				CLANG_WARN_DEPRECATED_OBJC_IMPLEMENTATIONS = YES;
				CLANG_WARN_DIRECT_OBJC_ISA_USAGE = YES_ERROR;
				CLANG_WARN_DOCUMENTATION_COMMENTS = YES;
				CLANG_WARN_EMPTY_BODY = YES;
				CLANG_WARN_ENUM_CONVERSION = YES;
				CLANG_WARN_INFINITE_RECURSION = YES;
				CLANG_WARN_INT_CONVERSION = YES;
				CLANG_WARN_NON_LITERAL_NULL_CONVERSION = YES;
				CLANG_WARN_OBJC_IMPLICIT_RETAIN_SELF = YES;
				CLANG_WARN_OBJC_LITERAL_CONVERSION = YES;
				CLANG_WARN_OBJC_ROOT_CLASS = YES_ERROR;
				CLANG_WARN_QUOTED_INCLUDE_IN_FRAMEWORK_HEADER = YES;
				CLANG_WARN_RANGE_LOOP_ANALYSIS = YES;
				CLANG_WARN_STRICT_PROTOTYPES = YES;
				CLANG_WARN_SUSPICIOUS_MOVE = YES;
				CLANG_WARN_UNGUARDED_AVAILABILITY = YES_AGGRESSIVE;
				CLANG_WARN_UNREACHABLE_CODE = YES;
				CLANG_WARN__DUPLICATE_METHOD_MATCH = YES;
				COPY_PHASE_STRIP = NO;
				DEBUG_INFORMATION_FORMAT = dwarf;
				ENABLE_STRICT_OBJC_MSGSEND = YES;
				ENABLE_TESTABILITY = YES;
				GCC_C_LANGUAGE_STANDARD = gnu11;
				GCC_DYNAMIC_NO_PIC = NO;
				GCC_NO_COMMON_BLOCKS = YES;
				GCC_OPTIMIZATION_LEVEL = 0;
				GCC_PREPROCESSOR_DEFINITIONS = (
					"DEBUG=1",
					"$(inherited)",
				);
				GCC_WARN_64_TO_32_BIT_CONVERSION = YES;
				GCC_WARN_ABOUT_RETURN_TYPE = YES_ERROR;
				GCC_WARN_UNDECLARED_SELECTOR = YES;
				GCC_WARN_UNINITIALIZED_AUTOS = YES_AGGRESSIVE;
				GCC_WARN_UNUSED_FUNCTION = YES;
				GCC_WARN_UNUSED_VARIABLE = YES;
				IPHONEOS_DEPLOYMENT_TARGET = 14.2;
				MTL_ENABLE_DEBUG_INFO = INCLUDE_SOURCE;
				MTL_FAST_MATH = YES;
				ONLY_ACTIVE_ARCH = YES;
				SDKROOT = iphoneos;
				SWIFT_ACTIVE_COMPILATION_CONDITIONS = DEBUG;
				SWIFT_OPTIMIZATION_LEVEL = "-Onone";
			};
			name = Debug;
		};
		5319FC7826199995003CCEDC /* Release */ = {
			isa = XCBuildConfiguration;
			buildSettings = {
				ALWAYS_SEARCH_USER_PATHS = NO;
				CLANG_ANALYZER_NONNULL = YES;
				CLANG_ANALYZER_NUMBER_OBJECT_CONVERSION = YES_AGGRESSIVE;
				CLANG_CXX_LANGUAGE_STANDARD = "gnu++14";
				CLANG_CXX_LIBRARY = "libc++";
				CLANG_ENABLE_MODULES = YES;
				CLANG_ENABLE_OBJC_ARC = YES;
				CLANG_ENABLE_OBJC_WEAK = YES;
				CLANG_WARN_BLOCK_CAPTURE_AUTORELEASING = YES;
				CLANG_WARN_BOOL_CONVERSION = YES;
				CLANG_WARN_COMMA = YES;
				CLANG_WARN_CONSTANT_CONVERSION = YES;
				CLANG_WARN_DEPRECATED_OBJC_IMPLEMENTATIONS = YES;
				CLANG_WARN_DIRECT_OBJC_ISA_USAGE = YES_ERROR;
				CLANG_WARN_DOCUMENTATION_COMMENTS = YES;
				CLANG_WARN_EMPTY_BODY = YES;
				CLANG_WARN_ENUM_CONVERSION = YES;
				CLANG_WARN_INFINITE_RECURSION = YES;
				CLANG_WARN_INT_CONVERSION = YES;
				CLANG_WARN_NON_LITERAL_NULL_CONVERSION = YES;
				CLANG_WARN_OBJC_IMPLICIT_RETAIN_SELF = YES;
				CLANG_WARN_OBJC_LITERAL_CONVERSION = YES;
				CLANG_WARN_OBJC_ROOT_CLASS = YES_ERROR;
				CLANG_WARN_QUOTED_INCLUDE_IN_FRAMEWORK_HEADER = YES;
				CLANG_WARN_RANGE_LOOP_ANALYSIS = YES;
				CLANG_WARN_STRICT_PROTOTYPES = YES;
				CLANG_WARN_SUSPICIOUS_MOVE = YES;
				CLANG_WARN_UNGUARDED_AVAILABILITY = YES_AGGRESSIVE;
				CLANG_WARN_UNREACHABLE_CODE = YES;
				CLANG_WARN__DUPLICATE_METHOD_MATCH = YES;
				COPY_PHASE_STRIP = NO;
				DEBUG_INFORMATION_FORMAT = "dwarf-with-dsym";
				ENABLE_NS_ASSERTIONS = NO;
				ENABLE_STRICT_OBJC_MSGSEND = YES;
				GCC_C_LANGUAGE_STANDARD = gnu11;
				GCC_NO_COMMON_BLOCKS = YES;
				GCC_WARN_64_TO_32_BIT_CONVERSION = YES;
				GCC_WARN_ABOUT_RETURN_TYPE = YES_ERROR;
				GCC_WARN_UNDECLARED_SELECTOR = YES;
				GCC_WARN_UNINITIALIZED_AUTOS = YES_AGGRESSIVE;
				GCC_WARN_UNUSED_FUNCTION = YES;
				GCC_WARN_UNUSED_VARIABLE = YES;
				IPHONEOS_DEPLOYMENT_TARGET = 14.2;
				MTL_ENABLE_DEBUG_INFO = NO;
				MTL_FAST_MATH = YES;
				SDKROOT = iphoneos;
				SWIFT_COMPILATION_MODE = wholemodule;
				SWIFT_OPTIMIZATION_LEVEL = "-O";
				VALIDATE_PRODUCT = YES;
			};
			name = Release;
		};
		5319FC7A26199995003CCEDC /* Debug */ = {
			isa = XCBuildConfiguration;
			buildSettings = {
				ASSETCATALOG_COMPILER_APPICON_NAME = AppIcon;
				ASSETCATALOG_COMPILER_GLOBAL_ACCENT_COLOR_NAME = AccentColor;
				CODE_SIGN_STYLE = Automatic;
				INFOPLIST_FILE = FirstKadaiApp/Info.plist;
				LD_RUNPATH_SEARCH_PATHS = (
					"$(inherited)",
					"@executable_path/Frameworks",
				);
				PRODUCT_BUNDLE_IDENTIFIER = jp.techacademy.sugiurayusuke.FirstKadaiApp;
				PRODUCT_NAME = "$(TARGET_NAME)";
				SWIFT_VERSION = 5.0;
				TARGETED_DEVICE_FAMILY = "1,2";
			};
			name = Debug;
		};
		5319FC7B26199995003CCEDC /* Release */ = {
			isa = XCBuildConfiguration;
			buildSettings = {
				ASSETCATALOG_COMPILER_APPICON_NAME = AppIcon;
				ASSETCATALOG_COMPILER_GLOBAL_ACCENT_COLOR_NAME = AccentColor;
				CODE_SIGN_STYLE = Automatic;
				INFOPLIST_FILE = FirstKadaiApp/Info.plist;
				LD_RUNPATH_SEARCH_PATHS = (
					"$(inherited)",
					"@executable_path/Frameworks",
				);
				PRODUCT_BUNDLE_IDENTIFIER = jp.techacademy.sugiurayusuke.FirstKadaiApp;
				PRODUCT_NAME = "$(TARGET_NAME)";
				SWIFT_VERSION = 5.0;
				TARGETED_DEVICE_FAMILY = "1,2";
			};
			name = Release;
		};
		5319FC7D26199995003CCEDC /* Debug */ = {
			isa = XCBuildConfiguration;
			buildSettings = {
				ALWAYS_EMBED_SWIFT_STANDARD_LIBRARIES = YES;
				BUNDLE_LOADER = "$(TEST_HOST)";
				CODE_SIGN_STYLE = Automatic;
				INFOPLIST_FILE = FirstKadaiAppTests/Info.plist;
				IPHONEOS_DEPLOYMENT_TARGET = 14.2;
				LD_RUNPATH_SEARCH_PATHS = (
					"$(inherited)",
					"@executable_path/Frameworks",
					"@loader_path/Frameworks",
				);
				PRODUCT_BUNDLE_IDENTIFIER = jp.techacademy.sugiurayusuke.FirstKadaiAppTests;
				PRODUCT_NAME = "$(TARGET_NAME)";
				SWIFT_VERSION = 5.0;
				TARGETED_DEVICE_FAMILY = "1,2";
				TEST_HOST = "$(BUILT_PRODUCTS_DIR)/FirstKadaiApp.app/FirstKadaiApp";
			};
			name = Debug;
		};
		5319FC7E26199995003CCEDC /* Release */ = {
			isa = XCBuildConfiguration;
			buildSettings = {
				ALWAYS_EMBED_SWIFT_STANDARD_LIBRARIES = YES;
				BUNDLE_LOADER = "$(TEST_HOST)";
				CODE_SIGN_STYLE = Automatic;
				INFOPLIST_FILE = FirstKadaiAppTests/Info.plist;
				IPHONEOS_DEPLOYMENT_TARGET = 14.2;
				LD_RUNPATH_SEARCH_PATHS = (
					"$(inherited)",
					"@executable_path/Frameworks",
					"@loader_path/Frameworks",
				);
				PRODUCT_BUNDLE_IDENTIFIER = jp.techacademy.sugiurayusuke.FirstKadaiAppTests;
				PRODUCT_NAME = "$(TARGET_NAME)";
				SWIFT_VERSION = 5.0;
				TARGETED_DEVICE_FAMILY = "1,2";
				TEST_HOST = "$(BUILT_PRODUCTS_DIR)/FirstKadaiApp.app/FirstKadaiApp";
			};
			name = Release;
		};
		5319FC8026199995003CCEDC /* Debug */ = {
			isa = XCBuildConfiguration;
			buildSettings = {
				ALWAYS_EMBED_SWIFT_STANDARD_LIBRARIES = YES;
				CODE_SIGN_STYLE = Automatic;
				INFOPLIST_FILE = FirstKadaiAppUITests/Info.plist;
				LD_RUNPATH_SEARCH_PATHS = (
					"$(inherited)",
					"@executable_path/Frameworks",
					"@loader_path/Frameworks",
				);
				PRODUCT_BUNDLE_IDENTIFIER = jp.techacademy.sugiurayusuke.FirstKadaiAppUITests;
				PRODUCT_NAME = "$(TARGET_NAME)";
				SWIFT_VERSION = 5.0;
				TARGETED_DEVICE_FAMILY = "1,2";
				TEST_TARGET_NAME = FirstKadaiApp;
			};
			name = Debug;
		};
		5319FC8126199995003CCEDC /* Release */ = {
			isa = XCBuildConfiguration;
			buildSettings = {
				ALWAYS_EMBED_SWIFT_STANDARD_LIBRARIES = YES;
				CODE_SIGN_STYLE = Automatic;
				INFOPLIST_FILE = FirstKadaiAppUITests/Info.plist;
				LD_RUNPATH_SEARCH_PATHS = (
					"$(inherited)",
					"@executable_path/Frameworks",
					"@loader_path/Frameworks",
				);
				PRODUCT_BUNDLE_IDENTIFIER = jp.techacademy.sugiurayusuke.FirstKadaiAppUITests;
				PRODUCT_NAME = "$(TARGET_NAME)";
				SWIFT_VERSION = 5.0;
				TARGETED_DEVICE_FAMILY = "1,2";
				TEST_TARGET_NAME = FirstKadaiApp;
			};
			name = Release;
		};
/* End XCBuildConfiguration section */

/* Begin XCConfigurationList section */
		5319FC4A26199994003CCEDC /* Build configuration list for PBXProject "FirstKadaiApp" */ = {
			isa = XCConfigurationList;
			buildConfigurations = (
				5319FC7726199995003CCEDC /* Debug */,
				5319FC7826199995003CCEDC /* Release */,
			);
			defaultConfigurationIsVisible = 0;
			defaultConfigurationName = Release;
		};
		5319FC7926199995003CCEDC /* Build configuration list for PBXNativeTarget "FirstKadaiApp" */ = {
			isa = XCConfigurationList;
			buildConfigurations = (
				5319FC7A26199995003CCEDC /* Debug */,
				5319FC7B26199995003CCEDC /* Release */,
			);
			defaultConfigurationIsVisible = 0;
			defaultConfigurationName = Release;
		};
		5319FC7C26199995003CCEDC /* Build configuration list for PBXNativeTarget "FirstKadaiAppTests" */ = {
			isa = XCConfigurationList;
			buildConfigurations = (
				5319FC7D26199995003CCEDC /* Debug */,
				5319FC7E26199995003CCEDC /* Release */,
			);
			defaultConfigurationIsVisible = 0;
			defaultConfigurationName = Release;
		};
		5319FC7F26199995003CCEDC /* Build configuration list for PBXNativeTarget "FirstKadaiAppUITests" */ = {
			isa = XCConfigurationList;
			buildConfigurations = (
				5319FC8026199995003CCEDC /* Debug */,
				5319FC8126199995003CCEDC /* Release */,
			);
			defaultConfigurationIsVisible = 0;
			defaultConfigurationName = Release;
		};
/* End XCConfigurationList section */
	};
	rootObject = 5319FC4726199994003CCEDC /* Project object */;
}
